{
  "requires": true,
  "lockfileVersion": 1,
  "dependencies": {
    "v-video-embed": {
      "version": "1.0.5",
      "resolved": "https://registry.npmjs.org/v-video-embed/-/v-video-embed-1.0.5.tgz",
      "integrity": "sha512-gQUnMu90+514crMD6sjLLqESyZvu/zRpJAqxdlIMpb63zzKP9N8hrINZjN29H49O7gMBDYXTLURtkv2+13vKdA==",
      "requires": {
        "vue": "^2.6.10"
      }
    },
    "vue": {
      "version": "2.6.11",
      "resolved": "https://registry.npmjs.org/vue/-/vue-2.6.11.tgz",
      "integrity": "sha512-VfPwgcGABbGAue9+sfrD4PuwFar7gPb1yl1UK1MwXoQPAw0BKSqWfoYCT/ThFrdEVWoI51dBuyCoiNU9bZDZxQ=="
    }
  }
}
